
Microsoft Visual Studio Solution File, Format Version 12.00
# Visual Studio Version 17
VisualStudioVersion = 17.6.33829.357
MinimumVisualStudioVersion = 10.0.40219.1
Project("{FAE04EC0-301F-11D3-BF4B-00C04F79EFBC}") = "PickBestCloudflare", "PickBestCloudflare.csproj", "{DB514305-1F72-4480-B6DC-02F91ECCFB0A}"
EndProject
Global
	GlobalSection(SolutionConfigurationPlatforms) = preSolution
		Debug|Any CPU = Debug|Any CPU
		Release|Any CPU = Release|Any CPU
	EndGlobalSection
	GlobalSection(ProjectConfigurationPlatforms) = postSolution
		{DB514305-1F72-4480-B6DC-02F91ECCFB0A}.Debug|Any CPU.ActiveCfg = Debug|Any CPU
		{DB514305-1F72-4480-B6DC-02F91ECCFB0A}.Debug|Any CPU.Build.0 = Debug|Any CPU
		{DB514305-1F72-4480-B6DC-02F91ECCFB0A}.Release|Any CPU.ActiveCfg = Release|Any CPU
		{DB514305-1F72-4480-B6DC-02F91ECCFB0A}.Release|Any CPU.Build.0 = Release|Any CPU
	EndGlobalSection
	GlobalSection(SolutionProperties) = preSolution
		HideSolutionNode = FALSE
	EndGlobalSection
	GlobalSection(ExtensibilityGlobals) = postSolution
		SolutionGuid = {9683F91E-A8E9-41E7-9B85-8A068BF2075D}
	EndGlobalSection
EndGlobal
